// !$*UTF8*$!
{
	archiveVersion = 1;
	classes = {
	};
	objectVersion = 56;
	objects = {

/* Begin PBXBuildFile section */
		ED2942E92C5B8A3E00CD8EEA /* SearchlyApp.swift in Sources */ = {isa = PBXBuildFile; fileRef = ED2942E82C5B8A3E00CD8EEA /* SearchlyApp.swift */; };
		ED2942EB2C5B8A3E00CD8EEA /* ContentView.swift in Sources */ = {isa = PBXBuildFile; fileRef = ED2942EA2C5B8A3E00CD8EEA /* ContentView.swift */; };
		ED2942ED2C5B8A3F00CD8EEA /* Assets.xcassets in Resources */ = {isa = PBXBuildFile; fileRef = ED2942EC2C5B8A3F00CD8EEA /* Assets.xcassets */; };
		ED2942F02C5B8A3F00CD8EEA /* Preview Assets.xcassets in Resources */ = {isa = PBXBuildFile; fileRef = ED2942EF2C5B8A3F00CD8EEA /* Preview Assets.xcassets */; };
		ED57B4162C5BE5590011C868 /* libbinary_search.a in Frameworks */ = {isa = PBXBuildFile; fileRef = ED2942F72C5B970300CD8EEA /* libbinary_search.a */; };
		EDFDF0A52C5BFD3300DE2BF3 /* binary_search_bridge.h in Headers */ = {isa = PBXBuildFile; fileRef = EDFDF0A42C5BFD3300DE2BF3 /* binary_search_bridge.h */; };
/* End PBXBuildFile section */

/* Begin PBXFileReference section */
		ED2942E52C5B8A3E00CD8EEA /* Searchly.app */ = {isa = PBXFileReference; explicitFileType = wrapper.application; includeInIndex = 0; path = Searchly.app; sourceTree = BUILT_PRODUCTS_DIR; };
		ED2942E82C5B8A3E00CD8EEA /* SearchlyApp.swift */ = {isa = PBXFileReference; lastKnownFileType = sourcecode.swift; path = SearchlyApp.swift; sourceTree = "<group>"; };
		ED2942EA2C5B8A3E00CD8EEA /* ContentView.swift */ = {isa = PBXFileReference; lastKnownFileType = sourcecode.swift; path = ContentView.swift; sourceTree = "<group>"; };
		ED2942EC2C5B8A3F00CD8EEA /* Assets.xcassets */ = {isa = PBXFileReference; lastKnownFileType = folder.assetcatalog; path = Assets.xcassets; sourceTree = "<group>"; };
		ED2942EF2C5B8A3F00CD8EEA /* Preview Assets.xcassets */ = {isa = PBXFileReference; lastKnownFileType = folder.assetcatalog; path = "Preview Assets.xcassets"; sourceTree = "<group>"; };
		ED2942F72C5B970300CD8EEA /* libbinary_search.a */ = {isa = PBXFileReference; lastKnownFileType = archive.ar; name = libbinary_search.a; path = ../binary_search/target/debug/libbinary_search.a; sourceTree = "<group>"; };
		EDFDF0A42C5BFD3300DE2BF3 /* binary_search_bridge.h */ = {isa = PBXFileReference; lastKnownFileType = sourcecode.c.h; path = binary_search_bridge.h; sourceTree = "<group>"; };
/* End PBXFileReference section */

/* Begin PBXFrameworksBuildPhase section */
		ED2942E22C5B8A3E00CD8EEA /* Frameworks */ = {
			isa = PBXFrameworksBuildPhase;
			buildActionMask = 2147483647;
			files = (
				ED57B4162C5BE5590011C868 /* libbinary_search.a in Frameworks */,
			);
			runOnlyForDeploymentPostprocessing = 0;
		};
/* End PBXFrameworksBuildPhase section */

/* Begin PBXGroup section */
		ED2942DC2C5B8A3E00CD8EEA = {
			isa = PBXGroup;
			children = (
				EDFDF0A42C5BFD3300DE2BF3 /* binary_search_bridge.h */,
				ED2942E72C5B8A3E00CD8EEA /* Searchly */,
				ED2942E62C5B8A3E00CD8EEA /* Products */,
				ED2942F62C5B970200CD8EEA /* Frameworks */,
			);
			indentWidth = 2;
			sourceTree = "<group>";
			tabWidth = 2;
		};
		ED2942E62C5B8A3E00CD8EEA /* Products */ = {
			isa = PBXGroup;
			children = (
				ED2942E52C5B8A3E00CD8EEA /* Searchly.app */,
			);
			name = Products;
			sourceTree = "<group>";
		};
		ED2942E72C5B8A3E00CD8EEA /* Searchly */ = {
			isa = PBXGroup;
			children = (
				ED2942E82C5B8A3E00CD8EEA /* SearchlyApp.swift */,
				ED2942EA2C5B8A3E00CD8EEA /* ContentView.swift */,
				ED2942EC2C5B8A3F00CD8EEA /* Assets.xcassets */,
				ED2942EE2C5B8A3F00CD8EEA /* Preview Content */,
			);
			path = Searchly;
			sourceTree = "<group>";
		};
		ED2942EE2C5B8A3F00CD8EEA /* Preview Content */ = {
			isa = PBXGroup;
			children = (
				ED2942EF2C5B8A3F00CD8EEA /* Preview Assets.xcassets */,
			);
			path = "Preview Content";
			sourceTree = "<group>";
		};
		ED2942F62C5B970200CD8EEA /* Frameworks */ = {
			isa = PBXGroup;
			children = (
				ED2942F72C5B970300CD8EEA /* libbinary_search.a */,
			);
			name = Frameworks;
			sourceTree = "<group>";
		};
/* End PBXGroup section */

/* Begin PBXHeadersBuildPhase section */
		ED2942F92C5BA9B600CD8EEA /* Headers */ = {
			isa = PBXHeadersBuildPhase;
			buildActionMask = 2147483647;
			files = (
				EDFDF0A52C5BFD3300DE2BF3 /* binary_search_bridge.h in Headers */,
			);
			runOnlyForDeploymentPostprocessing = 0;
		};
/* End PBXHeadersBuildPhase section */

/* Begin PBXNativeTarget section */
		ED2942E42C5B8A3E00CD8EEA /* Searchly */ = {
			isa = PBXNativeTarget;
			buildConfigurationList = ED2942F32C5B8A3F00CD8EEA /* Build configuration list for PBXNativeTarget "Searchly" */;
			buildPhases = (
				ED2942F92C5BA9B600CD8EEA /* Headers */,
				ED2942E12C5B8A3E00CD8EEA /* Sources */,
				ED2942E22C5B8A3E00CD8EEA /* Frameworks */,
				ED2942E32C5B8A3E00CD8EEA /* Resources */,
			);
			buildRules = (
			);
			dependencies = (
			);
			name = Searchly;
			productName = Searchly;
			productReference = ED2942E52C5B8A3E00CD8EEA /* Searchly.app */;
			productType = "com.apple.product-type.application";
		};
/* End PBXNativeTarget section */

/* Begin PBXProject section */
		ED2942DD2C5B8A3E00CD8EEA /* Project object */ = {
			isa = PBXProject;
			attributes = {
				BuildIndependentTargetsInParallel = 1;
				LastSwiftUpdateCheck = 1540;
				LastUpgradeCheck = 1540;
				TargetAttributes = {
					ED2942E42C5B8A3E00CD8EEA = {
						CreatedOnToolsVersion = 15.4;
					};
				};
			};
			buildConfigurationList = ED2942E02C5B8A3E00CD8EEA /* Build configuration list for PBXProject "Searchly" */;
			compatibilityVersion = "Xcode 14.0";
			developmentRegion = en;
			hasScannedForEncodings = 0;
			knownRegions = (
				en,
				Base,
			);
			mainGroup = ED2942DC2C5B8A3E00CD8EEA;
			productRefGroup = ED2942E62C5B8A3E00CD8EEA /* Products */;
			projectDirPath = "";
			projectRoot = "";
			targets = (
				ED2942E42C5B8A3E00CD8EEA /* Searchly */,
			);
		};
/* End PBXProject section */

/* Begin PBXResourcesBuildPhase section */
		ED2942E32C5B8A3E00CD8EEA /* Resources */ = {
			isa = PBXResourcesBuildPhase;
			buildActionMask = 2147483647;
			files = (
				ED2942F02C5B8A3F00CD8EEA /* Preview Assets.xcassets in Resources */,
				ED2942ED2C5B8A3F00CD8EEA /* Assets.xcassets in Resources */,
			);
			runOnlyForDeploymentPostprocessing = 0;
		};
/* End PBXResourcesBuildPhase section */

/* Begin PBXSourcesBuildPhase section */
		ED2942E12C5B8A3E00CD8EEA /* Sources */ = {
			isa = PBXSourcesBuildPhase;
			buildActionMask = 2147483647;
			files = (
				ED2942EB2C5B8A3E00CD8EEA /* ContentView.swift in Sources */,
				ED2942E92C5B8A3E00CD8EEA /* SearchlyApp.swift in Sources */,
			);
			runOnlyForDeploymentPostprocessing = 0;
		};
/* End PBXSourcesBuildPhase section */

/* Begin XCBuildConfiguration section */
		ED2942F12C5B8A3F00CD8EEA /* Debug */ = {
			isa = XCBuildConfiguration;
			buildSettings = {
				ALWAYS_SEARCH_USER_PATHS = NO;
				ASSETCATALOG_COMPILER_GENERATE_SWIFT_ASSET_SYMBOL_EXTENSIONS = YES;
				CLANG_ANALYZER_NONNULL = YES;
				CLANG_ANALYZER_NUMBER_OBJECT_CONVERSION = YES_AGGRESSIVE;
				CLANG_CXX_LANGUAGE_STANDARD = "gnu++20";
				CLANG_ENABLE_MODULES = YES;
				CLANG_ENABLE_OBJC_ARC = YES;
				CLANG_ENABLE_OBJC_WEAK = YES;
				CLANG_WARN_BLOCK_CAPTURE_AUTORELEASING = YES;
				CLANG_WARN_BOOL_CONVERSION = YES;
				CLANG_WARN_COMMA = YES;
				CLANG_WARN_CONSTANT_CONVERSION = YES;
				CLANG_WARN_DEPRECATED_OBJC_IMPLEMENTATIONS = YES;
				CLANG_WARN_DIRECT_OBJC_ISA_USAGE = YES_ERROR;
				CLANG_WARN_DOCUMENTATION_COMMENTS = YES;
				CLANG_WARN_EMPTY_BODY = YES;
				CLANG_WARN_ENUM_CONVERSION = YES;
				CLANG_WARN_INFINITE_RECURSION = YES;
				CLANG_WARN_INT_CONVERSION = YES;
				CLANG_WARN_NON_LITERAL_NULL_CONVERSION = YES;
				CLANG_WARN_OBJC_IMPLICIT_RETAIN_SELF = YES;
				CLANG_WARN_OBJC_LITERAL_CONVERSION = YES;
				CLANG_WARN_OBJC_ROOT_CLASS = YES_ERROR;
				CLANG_WARN_QUOTED_INCLUDE_IN_FRAMEWORK_HEADER = YES;
				CLANG_WARN_RANGE_LOOP_ANALYSIS = YES;
				CLANG_WARN_STRICT_PROTOTYPES = YES;
				CLANG_WARN_SUSPICIOUS_MOVE = YES;
				CLANG_WARN_UNGUARDED_AVAILABILITY = YES_AGGRESSIVE;
				CLANG_WARN_UNREACHABLE_CODE = YES;
				CLANG_WARN__DUPLICATE_METHOD_MATCH = YES;
				COPY_PHASE_STRIP = NO;
				DEBUG_INFORMATION_FORMAT = dwarf;
				ENABLE_STRICT_OBJC_MSGSEND = YES;
				ENABLE_TESTABILITY = YES;
				ENABLE_USER_SCRIPT_SANDBOXING = YES;
				GCC_C_LANGUAGE_STANDARD = gnu17;
				GCC_DYNAMIC_NO_PIC = NO;
				GCC_NO_COMMON_BLOCKS = YES;
				GCC_OPTIMIZATION_LEVEL = 0;
				GCC_PREPROCESSOR_DEFINITIONS = (
					"DEBUG=1",
					"$(inherited)",
				);
				GCC_WARN_64_TO_32_BIT_CONVERSION = YES;
				GCC_WARN_ABOUT_RETURN_TYPE = YES_ERROR;
				GCC_WARN_UNDECLARED_SELECTOR = YES;
				GCC_WARN_UNINITIALIZED_AUTOS = YES_AGGRESSIVE;
				GCC_WARN_UNUSED_FUNCTION = YES;
				GCC_WARN_UNUSED_VARIABLE = YES;
				IPHONEOS_DEPLOYMENT_TARGET = 17.5;
				LOCALIZATION_PREFERS_STRING_CATALOGS = YES;
				MTL_ENABLE_DEBUG_INFO = INCLUDE_SOURCE;
				MTL_FAST_MATH = YES;
				ONLY_ACTIVE_ARCH = YES;
				SDKROOT = iphoneos;
				SWIFT_ACTIVE_COMPILATION_CONDITIONS = "DEBUG $(inherited)";
				SWIFT_OPTIMIZATION_LEVEL = "-Onone";
			};
			name = Debug;
		};
		ED2942F22C5B8A3F00CD8EEA /* Release */ = {
			isa = XCBuildConfiguration;
			buildSettings = {
				ALWAYS_SEARCH_USER_PATHS = NO;
				ASSETCATALOG_COMPILER_GENERATE_SWIFT_ASSET_SYMBOL_EXTENSIONS = YES;
				CLANG_ANALYZER_NONNULL = YES;
				CLANG_ANALYZER_NUMBER_OBJECT_CONVERSION = YES_AGGRESSIVE;
				CLANG_CXX_LANGUAGE_STANDARD = "gnu++20";
				CLANG_ENABLE_MODULES = YES;
				CLANG_ENABLE_OBJC_ARC = YES;
				CLANG_ENABLE_OBJC_WEAK = YES;
				CLANG_WARN_BLOCK_CAPTURE_AUTORELEASING = YES;
				CLANG_WARN_BOOL_CONVERSION = YES;
				CLANG_WARN_COMMA = YES;
				CLANG_WARN_CONSTANT_CONVERSION = YES;
				CLANG_WARN_DEPRECATED_OBJC_IMPLEMENTATIONS = YES;
				CLANG_WARN_DIRECT_OBJC_ISA_USAGE = YES_ERROR;
				CLANG_WARN_DOCUMENTATION_COMMENTS = YES;
				CLANG_WARN_EMPTY_BODY = YES;
				CLANG_WARN_ENUM_CONVERSION = YES;
				CLANG_WARN_INFINITE_RECURSION = YES;
				CLANG_WARN_INT_CONVERSION = YES;
				CLANG_WARN_NON_LITERAL_NULL_CONVERSION = YES;
				CLANG_WARN_OBJC_IMPLICIT_RETAIN_SELF = YES;
				CLANG_WARN_OBJC_LITERAL_CONVERSION = YES;
				CLANG_WARN_OBJC_ROOT_CLASS = YES_ERROR;
				CLANG_WARN_QUOTED_INCLUDE_IN_FRAMEWORK_HEADER = YES;
				CLANG_WARN_RANGE_LOOP_ANALYSIS = YES;
				CLANG_WARN_STRICT_PROTOTYPES = YES;
				CLANG_WARN_SUSPICIOUS_MOVE = YES;
				CLANG_WARN_UNGUARDED_AVAILABILITY = YES_AGGRESSIVE;
				CLANG_WARN_UNREACHABLE_CODE = YES;
				CLANG_WARN__DUPLICATE_METHOD_MATCH = YES;
				COPY_PHASE_STRIP = NO;
				DEBUG_INFORMATION_FORMAT = "dwarf-with-dsym";
				ENABLE_NS_ASSERTIONS = NO;
				ENABLE_STRICT_OBJC_MSGSEND = YES;
				ENABLE_USER_SCRIPT_SANDBOXING = YES;
				GCC_C_LANGUAGE_STANDARD = gnu17;
				GCC_NO_COMMON_BLOCKS = YES;
				GCC_WARN_64_TO_32_BIT_CONVERSION = YES;
				GCC_WARN_ABOUT_RETURN_TYPE = YES_ERROR;
				GCC_WARN_UNDECLARED_SELECTOR = YES;
				GCC_WARN_UNINITIALIZED_AUTOS = YES_AGGRESSIVE;
				GCC_WARN_UNUSED_FUNCTION = YES;
				GCC_WARN_UNUSED_VARIABLE = YES;
				IPHONEOS_DEPLOYMENT_TARGET = 17.5;
				LOCALIZATION_PREFERS_STRING_CATALOGS = YES;
				MTL_ENABLE_DEBUG_INFO = NO;
				MTL_FAST_MATH = YES;
				SDKROOT = iphoneos;
				SWIFT_COMPILATION_MODE = wholemodule;
				VALIDATE_PRODUCT = YES;
			};
			name = Release;
		};
		ED2942F42C5B8A3F00CD8EEA /* Debug */ = {
			isa = XCBuildConfiguration;
			buildSettings = {
				ASSETCATALOG_COMPILER_APPICON_NAME = AppIcon;
				ASSETCATALOG_COMPILER_GLOBAL_ACCENT_COLOR_NAME = AccentColor;
				CODE_SIGN_IDENTITY = "Apple Development";
				CODE_SIGN_STYLE = Automatic;
				CURRENT_PROJECT_VERSION = 1;
				DEVELOPMENT_ASSET_PATHS = "\"Searchly/Preview Content\"";
				DEVELOPMENT_TEAM = "";
				ENABLE_PREVIEWS = YES;
				GENERATE_INFOPLIST_FILE = YES;
				INFOPLIST_KEY_UIApplicationSceneManifest_Generation = YES;
				INFOPLIST_KEY_UIApplicationSupportsIndirectInputEvents = YES;
				INFOPLIST_KEY_UILaunchScreen_Generation = YES;
				INFOPLIST_KEY_UISupportedInterfaceOrientations_iPad = "UIInterfaceOrientationPortrait UIInterfaceOrientationPortraitUpsideDown UIInterfaceOrientationLandscapeLeft UIInterfaceOrientationLandscapeRight";
				INFOPLIST_KEY_UISupportedInterfaceOrientations_iPhone = "UIInterfaceOrientationPortrait UIInterfaceOrientationLandscapeLeft UIInterfaceOrientationLandscapeRight";
				LD_RUNPATH_SEARCH_PATHS = (
					"$(inherited)",
					"@executable_path/Frameworks",
				);
				"LIBRARY_SEARCH_PATHS[sdk=iphoneos*][arch=arm64]" = "$(PROJECT_DIR)/../binary_search/target/aarch64-apple-ios/debug";
				"LIBRARY_SEARCH_PATHS[sdk=iphonesimulator*][arch=arm64]" = "$(PROJECT_DIR)/../binary_search/target/aarch64-apple-ios-sim/debug";
				MARKETING_VERSION = 1.0;
				PRODUCT_BUNDLE_IDENTIFIER = dev.tshaka.searchly;
				PRODUCT_NAME = "$(TARGET_NAME)";
				PROVISIONING_PROFILE_SPECIFIER = "";
				SWIFT_EMIT_LOC_STRINGS = YES;
				SWIFT_OBJC_BRIDGING_HEADER = "$(PROJECT_DIR)/../bridge/binary_search_bridge.h";
				SWIFT_VERSION = 5.0;
				TARGETED_DEVICE_FAMILY = "1,2";
			};
			name = Debug;
		};
		ED2942F52C5B8A3F00CD8EEA /* Release */ = {
			isa = XCBuildConfiguration;
			buildSettings = {
				ASSETCATALOG_COMPILER_APPICON_NAME = AppIcon;
				ASSETCATALOG_COMPILER_GLOBAL_ACCENT_COLOR_NAME = AccentColor;
				CODE_SIGN_IDENTITY = "Apple Development";
				CODE_SIGN_STYLE = Automatic;
				CURRENT_PROJECT_VERSION = 1;
				DEVELOPMENT_ASSET_PATHS = "\"Searchly/Preview Content\"";
				DEVELOPMENT_TEAM = "";
				ENABLE_PREVIEWS = YES;
				GENERATE_INFOPLIST_FILE = YES;
				INFOPLIST_KEY_UIApplicationSceneManifest_Generation = YES;
				INFOPLIST_KEY_UIApplicationSupportsIndirectInputEvents = YES;
				INFOPLIST_KEY_UILaunchScreen_Generation = YES;
				INFOPLIST_KEY_UISupportedInterfaceOrientations_iPad = "UIInterfaceOrientationPortrait UIInterfaceOrientationPortraitUpsideDown UIInterfaceOrientationLandscapeLeft UIInterfaceOrientationLandscapeRight";
				INFOPLIST_KEY_UISupportedInterfaceOrientations_iPhone = "UIInterfaceOrientationPortrait UIInterfaceOrientationLandscapeLeft UIInterfaceOrientationLandscapeRight";
				LD_RUNPATH_SEARCH_PATHS = (
					"$(inherited)",
					"@executable_path/Frameworks",
				);
				"LIBRARY_SEARCH_PATHS[sdk=iphoneos*][arch=arm64]" = "$(PROJECT_DIR)/../binary_search/target/aarch64-apple-ios/release";
				"LIBRARY_SEARCH_PATHS[sdk=iphonesimulator*][arch=arm64]" = "$(PROJECT_DIR)/../binary_search/target/aarch64-apple-ios-sim/release";
				MARKETING_VERSION = 1.0;
				PRODUCT_BUNDLE_IDENTIFIER = dev.tshaka.searchly;
				PRODUCT_NAME = "$(TARGET_NAME)";
				PROVISIONING_PROFILE_SPECIFIER = "";
				SWIFT_EMIT_LOC_STRINGS = YES;
				SWIFT_OBJC_BRIDGING_HEADER = "$(PROJECT_DIR)/../bridge/binary_search_bridge.h";
				SWIFT_VERSION = 5.0;
				TARGETED_DEVICE_FAMILY = "1,2";
			};
			name = Release;
		};
/* End XCBuildConfiguration section */

/* Begin XCConfigurationList section */
		ED2942E02C5B8A3E00CD8EEA /* Build configuration list for PBXProject "Searchly" */ = {
			isa = XCConfigurationList;
			buildConfigurations = (
				ED2942F12C5B8A3F00CD8EEA /* Debug */,
				ED2942F22C5B8A3F00CD8EEA /* Release */,
			);
			defaultConfigurationIsVisible = 0;
			defaultConfigurationName = Release;
		};
		ED2942F32C5B8A3F00CD8EEA /* Build configuration list for PBXNativeTarget "Searchly" */ = {
			isa = XCConfigurationList;
			buildConfigurations = (
				ED2942F42C5B8A3F00CD8EEA /* Debug */,
				ED2942F52C5B8A3F00CD8EEA /* Release */,
			);
			defaultConfigurationIsVisible = 0;
			defaultConfigurationName = Release;
		};
/* End XCConfigurationList section */
	};
	rootObject = ED2942DD2C5B8A3E00CD8EEA /* Project object */;
}
